version = 1
revision = 2
requires-python = ">=3.10"

[[package]]
name = "evdev"
version = "1.9.2"
source = { registry = "https://pypi.org/simple" }
sdist = { url = "https://files.pythonhosted.org/packages/63/fe/a17c106a1f4061ce83f04d14bcedcfb2c38c7793ea56bfb906a6fadae8cb/evdev-1.9.2.tar.gz", hash = "sha256:5d3278892ce1f92a74d6bf888cc8525d9f68af85dbe336c95d1c87fb8f423069", size = 33301, upload-time = "2025-05-01T19:53:47.69Z" }

[[package]]
name = "macrorecorder"
version = "1.0.0"
source = { editable = "." }
dependencies = [
    { name = "pycairo" },
    { name = "pygobject" },
    { name = "pynput" },
]

[package.metadata]
requires-dist = [
    { name = "pycairo", specifier = ">=1.28.0" },
    { name = "pygobject", specifier = ">=3.52.3" },
    { name = "pynput", specifier = ">=1.8.1" },
]

[[package]]
name = "pycairo"
version = "1.28.0"
source = { registry = "https://pypi.org/simple" }
sdist = { url = "https://files.pythonhosted.org/packages/40/d9/412da520de9052b7e80bfc810ec10f5cb3dbfa4aa3e23c2820dc61cdb3d0/pycairo-1.28.0.tar.gz", hash = "sha256:26ec5c6126781eb167089a123919f87baa2740da2cca9098be8b3a6b91cc5fbc", size = 662477, upload-time = "2025-04-14T20:11:08.218Z" }
wheels = [
    { url = "https://files.pythonhosted.org/packages/a9/d7/206d7945aac5c6c889e7fea4011410d1311455a1d8dfce66106d8d700b7f/pycairo-1.28.0-cp312-cp312-win32.whl", hash = "sha256:c00cfbb7f30eb7ca1d48886712932e2d91e8835a8496f4e423878296ceba573e", size = 750594, upload-time = "2025-04-14T20:10:53.72Z" },
    { url = "https://files.pythonhosted.org/packages/2e/ba/259fc9a4d3afdad1e5b9db52b9d8a5df67f70dd787167185e8ec8a1af007/pycairo-1.28.0-cp312-cp312-win_amd64.whl", hash = "sha256:d50d190f5033992b55050b9f337ee42a45c3568445d5e5d7987bab96c278d8a6", size = 841767, upload-time = "2025-04-14T20:10:56.711Z" },
    { url = "https://files.pythonhosted.org/packages/c0/08/aa0903612ea0e8686ad6af58d4fb9cbab8ee0b0831201cddf7abd578d045/pycairo-1.28.0-cp312-cp312-win_arm64.whl", hash = "sha256:957e0340ee1c279d197d4f7cfa96f6d8b48e453eec711fca999748d752468ff4", size = 691687, upload-time = "2025-04-16T19:30:23.729Z" },
    { url = "https://files.pythonhosted.org/packages/59/a7/c3e5ed55781dfe1b31eb4a2482aeae707671f3d36b0ea53a1722f4a3dfe9/pycairo-1.28.0-cp313-cp313-win32.whl", hash = "sha256:d13352429d8a08a1cb3607767d23d2fb32e4c4f9faa642155383980ec1478c24", size = 750594, upload-time = "2025-04-14T20:10:59.284Z" },
    { url = "https://files.pythonhosted.org/packages/8b/1c/ebadd290748aff3b6bc35431114d41e7a42f40a4b988c2aaf2dfed5d8156/pycairo-1.28.0-cp313-cp313-win_amd64.whl", hash = "sha256:082aef6b3a9dcc328fa648d38ed6b0a31c863e903ead57dd184b2e5f86790140", size = 841774, upload-time = "2025-04-14T20:11:01.79Z" },
    { url = "https://files.pythonhosted.org/packages/3e/ce/a3f5f1946613cd8a4654322b878c59f273c6e9b01dfadadd3f609070e0b9/pycairo-1.28.0-cp313-cp313-win_arm64.whl", hash = "sha256:026afd53b75291917a7412d9fe46dcfbaa0c028febd46ff1132d44a53ac2c8b6", size = 691675, upload-time = "2025-04-16T19:30:26.565Z" },
    { url = "https://files.pythonhosted.org/packages/96/1b/1f5da2b2e44b33a5b269ff28af710b0a7903001d9cf8a40d00fc944a5092/pycairo-1.28.0-cp314-cp314-win32.whl", hash = "sha256:d0ab30585f536101ad6f09052fc3895e2a437ba57531ea07223d0e076248025d", size = 766699, upload-time = "2025-07-24T06:36:07.267Z" },
    { url = "https://files.pythonhosted.org/packages/c9/91/1d5f18bd3ed469b1de8f83bfbf8bd67d23439f075151b66740fd35356190/pycairo-1.28.0-cp314-cp314-win_amd64.whl", hash = "sha256:94f2ed204999ab95a0671a0fa948ffbb9f3d6fb8731fe787917f6d022d9c1c0f", size = 868725, upload-time = "2025-07-24T06:36:09.597Z" },
]

[[package]]
name = "pygobject"
version = "3.52.3"
source = { registry = "https://pypi.org/simple" }
dependencies = [
    { name = "pycairo" },
]
sdist = { url = "https://files.pythonhosted.org/packages/4a/36/fec530a313d3d48f12e112ac0a65ee3ccc87f385123a0493715609e8e99c/pygobject-3.52.3.tar.gz", hash = "sha256:00e427d291e957462a8fad659a9f9c8be776ff82a8b76bdf402f1eaeec086d82", size = 1235825, upload-time = "2025-03-16T18:22:57.1Z" }

[[package]]
name = "pynput"
version = "1.8.1"
source = { registry = "https://pypi.org/simple" }
dependencies = [
    { name = "evdev", marker = "'linux' in sys_platform" },
    { name = "pyobjc-framework-applicationservices", marker = "sys_platform == 'darwin'" },
    { name = "pyobjc-framework-quartz", marker = "sys_platform == 'darwin'" },
    { name = "python-xlib", marker = "'linux' in sys_platform" },
    { name = "six" },
]
sdist = { url = "https://files.pythonhosted.org/packages/f0/c3/dccf44c68225046df5324db0cc7d563a560635355b3e5f1d249468268a6f/pynput-1.8.1.tar.gz", hash = "sha256:70d7c8373ee98911004a7c938742242840a5628c004573d84ba849d4601df81e", size = 82289, upload-time = "2025-03-17T17:12:01.481Z" }
wheels = [
    { url = "https://files.pythonhosted.org/packages/59/4f/ac3fa906ae8a375a536b12794128c5efacade9eaa917a35dfd27ce0c7400/pynput-1.8.1-py2.py3-none-any.whl", hash = "sha256:42dfcf27404459ca16ca889c8fb8ffe42a9fe54f722fd1a3e130728e59e768d2", size = 91693, upload-time = "2025-03-17T17:12:00.094Z" },
]

[[package]]
name = "pyobjc-core"
version = "11.1"
source = { registry = "https://pypi.org/simple" }
sdist = { url = "https://files.pythonhosted.org/packages/e8/e9/0b85c81e2b441267bca707b5d89f56c2f02578ef8f3eafddf0e0c0b8848c/pyobjc_core-11.1.tar.gz", hash = "sha256:b63d4d90c5df7e762f34739b39cc55bc63dbcf9fb2fb3f2671e528488c7a87fe", size = 974602, upload-time = "2025-06-14T20:56:34.189Z" }
wheels = [
    { url = "https://files.pythonhosted.org/packages/c0/09/e83228e878e73bf756749939f906a872da54488f18d75658afa7f1abbab1/pyobjc_core-11.1-cp312-cp312-macosx_10_13_universal2.whl", hash = "sha256:765b97dea6b87ec4612b3212258024d8496ea23517c95a1c5f0735f96b7fd529", size = 677985, upload-time = "2025-06-14T20:44:48.375Z" },
    { url = "https://files.pythonhosted.org/packages/c5/24/12e4e2dae5f85fd0c0b696404ed3374ea6ca398e7db886d4f1322eb30799/pyobjc_core-11.1-cp313-cp313-macosx_10_13_universal2.whl", hash = "sha256:18986f83998fbd5d3f56d8a8428b2f3e0754fd15cef3ef786ca0d29619024f2c", size = 676431, upload-time = "2025-06-14T20:44:49.908Z" },
    { url = "https://files.pythonhosted.org/packages/f7/79/031492497624de4c728f1857181b06ce8c56444db4d49418fa459cba217c/pyobjc_core-11.1-cp313-cp313t-macosx_10_13_universal2.whl", hash = "sha256:8849e78cfe6595c4911fbba29683decfb0bf57a350aed8a43316976ba6f659d2", size = 719330, upload-time = "2025-06-14T20:44:51.621Z" },
    { url = "https://files.pythonhosted.org/packages/ed/7d/6169f16a0c7ec15b9381f8bf33872baf912de2ef68d96c798ca4c6ee641f/pyobjc_core-11.1-cp314-cp314-macosx_11_0_universal2.whl", hash = "sha256:8cb9ed17a8d84a312a6e8b665dd22393d48336ea1d8277e7ad20c19a38edf731", size = 667203, upload-time = "2025-06-14T20:44:53.262Z" },
    { url = "https://files.pythonhosted.org/packages/49/0f/f5ab2b0e57430a3bec9a62b6153c0e79c05a30d77b564efdb9f9446eeac5/pyobjc_core-11.1-cp314-cp314t-macosx_11_0_universal2.whl", hash = "sha256:f2455683e807f8541f0d83fbba0f5d9a46128ab0d5cc83ea208f0bec759b7f96", size = 708807, upload-time = "2025-06-14T20:44:54.851Z" },
]

[[package]]
name = "pyobjc-framework-applicationservices"
version = "11.1"
source = { registry = "https://pypi.org/simple" }
dependencies = [
    { name = "pyobjc-core" },
    { name = "pyobjc-framework-cocoa" },
    { name = "pyobjc-framework-coretext" },
    { name = "pyobjc-framework-quartz" },
]
sdist = { url = "https://files.pythonhosted.org/packages/be/3f/b33ce0cecc3a42f6c289dcbf9ff698b0d9e85f5796db2e9cb5dadccffbb9/pyobjc_framework_applicationservices-11.1.tar.gz", hash = "sha256:03fcd8c0c600db98fa8b85eb7b3bc31491701720c795e3f762b54e865138bbaf", size = 224842, upload-time = "2025-06-14T20:56:40.648Z" }
wheels = [
    { url = "https://files.pythonhosted.org/packages/38/ec/46a5c710e2d7edf55105223c34fed5a7b7cc7aba7d00a3a7b0405d6a2d1a/pyobjc_framework_applicationservices-11.1-cp312-cp312-macosx_10_13_universal2.whl", hash = "sha256:f4a85ccd78bab84f7f05ac65ff9be117839dfc09d48c39edd65c617ed73eb01c", size = 31056, upload-time = "2025-06-14T20:45:18.925Z" },
    { url = "https://files.pythonhosted.org/packages/c4/06/c2a309e6f37bfa73a2a581d3301321b2033e25b249e2a01e417a3c34e799/pyobjc_framework_applicationservices-11.1-cp313-cp313-macosx_10_13_universal2.whl", hash = "sha256:385a89f4d0838c97a331e247519d9e9745aa3f7427169d18570e3c664076a63c", size = 31072, upload-time = "2025-06-14T20:45:19.707Z" },
    { url = "https://files.pythonhosted.org/packages/b4/5f/357bf498c27f1b4d48385860d8374b2569adc1522aabe32befd77089c070/pyobjc_framework_applicationservices-11.1-cp313-cp313t-macosx_10_13_universal2.whl", hash = "sha256:f480fab20f3005e559c9d06c9a3874a1f1c60dde52c6d28a53ab59b45e79d55f", size = 31335, upload-time = "2025-06-14T20:45:20.462Z" },
    { url = "https://files.pythonhosted.org/packages/ab/b6/797fdd81399fe8251196f29a621ba3f3f04d5c579d95fd304489f5558202/pyobjc_framework_applicationservices-11.1-cp314-cp314-macosx_11_0_universal2.whl", hash = "sha256:e8dee91c6a14fd042f98819dc0ac4a182e0e816282565534032f0e544bfab143", size = 31196, upload-time = "2025-06-14T20:45:21.555Z" },
    { url = "https://files.pythonhosted.org/packages/68/45/47eba8d7cdf16d778240ed13fb405e8d712464170ed29d0463363a695194/pyobjc_framework_applicationservices-11.1-cp314-cp314t-macosx_11_0_universal2.whl", hash = "sha256:a0ce40a57a9b993793b6f72c4fd93f80618ef54a69d76a1da97b8360a2f3ffc5", size = 31446, upload-time = "2025-06-14T20:45:22.313Z" },
]

[[package]]
name = "pyobjc-framework-cocoa"
version = "11.1"
source = { registry = "https://pypi.org/simple" }
dependencies = [
    { name = "pyobjc-core" },
]
sdist = { url = "https://files.pythonhosted.org/packages/4b/c5/7a866d24bc026f79239b74d05e2cf3088b03263da66d53d1b4cf5207f5ae/pyobjc_framework_cocoa-11.1.tar.gz", hash = "sha256:87df76b9b73e7ca699a828ff112564b59251bb9bbe72e610e670a4dc9940d038", size = 5565335, upload-time = "2025-06-14T20:56:59.683Z" }
wheels = [
    { url = "https://files.pythonhosted.org/packages/68/da/41c0f7edc92ead461cced7e67813e27fa17da3c5da428afdb4086c69d7ba/pyobjc_framework_cocoa-11.1-cp312-cp312-macosx_10_13_universal2.whl", hash = "sha256:806de56f06dfba8f301a244cce289d54877c36b4b19818e3b53150eb7c2424d0", size = 388983, upload-time = "2025-06-14T20:46:52.591Z" },
    { url = "https://files.pythonhosted.org/packages/4e/0b/a01477cde2a040f97e226f3e15e5ffd1268fcb6d1d664885a95ba592eca9/pyobjc_framework_cocoa-11.1-cp313-cp313-macosx_10_13_universal2.whl", hash = "sha256:54e93e1d9b0fc41c032582a6f0834befe1d418d73893968f3f450281b11603da", size = 389049, upload-time = "2025-06-14T20:46:53.757Z" },
    { url = "https://files.pythonhosted.org/packages/bc/e6/64cf2661f6ab7c124d0486ec6d1d01a9bb2838a0d2a46006457d8c5e6845/pyobjc_framework_cocoa-11.1-cp313-cp313t-macosx_10_13_universal2.whl", hash = "sha256:fd5245ee1997d93e78b72703be1289d75d88ff6490af94462b564892e9266350", size = 393110, upload-time = "2025-06-14T20:46:54.894Z" },
    { url = "https://files.pythonhosted.org/packages/33/87/01e35c5a3c5bbdc93d5925366421e10835fcd7b23347b6c267df1b16d0b3/pyobjc_framework_cocoa-11.1-cp314-cp314-macosx_11_0_universal2.whl", hash = "sha256:aede53a1afc5433e1e7d66568cc52acceeb171b0a6005407a42e8e82580b4fc0", size = 392644, upload-time = "2025-06-14T20:46:56.503Z" },
    { url = "https://files.pythonhosted.org/packages/c1/7c/54afe9ffee547c41e1161691e72067a37ed27466ac71c089bfdcd07ca70d/pyobjc_framework_cocoa-11.1-cp314-cp314t-macosx_11_0_universal2.whl", hash = "sha256:1b5de4e1757bb65689d6dc1f8d8717de9ec8587eb0c4831c134f13aba29f9b71", size = 396742, upload-time = "2025-06-14T20:46:57.64Z" },
]

[[package]]
name = "pyobjc-framework-coretext"
version = "11.1"
source = { registry = "https://pypi.org/simple" }
dependencies = [
    { name = "pyobjc-core" },
    { name = "pyobjc-framework-cocoa" },
    { name = "pyobjc-framework-quartz" },
]
sdist = { url = "https://files.pythonhosted.org/packages/65/e9/d3231c4f87d07b8525401fd6ad3c56607c9e512c5490f0a7a6abb13acab6/pyobjc_framework_coretext-11.1.tar.gz", hash = "sha256:a29bbd5d85c77f46a8ee81d381b847244c88a3a5a96ac22f509027ceceaffaf6", size = 274702, upload-time = "2025-06-14T20:57:16.059Z" }
wheels = [
    { url = "https://files.pythonhosted.org/packages/32/67/9cc5189c366e67dc3e5b5976fac73cc6405841095f795d3fa0d5fc43d76a/pyobjc_framework_coretext-11.1-cp312-cp312-macosx_10_13_universal2.whl", hash = "sha256:1597bf7234270ee1b9963bf112e9061050d5fb8e1384b3f50c11bde2fe2b1570", size = 30175, upload-time = "2025-06-14T20:48:35.023Z" },
    { url = "https://files.pythonhosted.org/packages/b0/d1/6ec2ef4f8133177203a742d5db4db90bbb3ae100aec8d17f667208da84c9/pyobjc_framework_coretext-11.1-cp313-cp313-macosx_10_13_universal2.whl", hash = "sha256:37e051e8f12a0f47a81b8efc8c902156eb5bc3d8123c43e5bd4cebd24c222228", size = 30180, upload-time = "2025-06-14T20:48:35.766Z" },
    { url = "https://files.pythonhosted.org/packages/0a/84/d4a95e49f6af59503ba257fbed0471b6932f0afe8b3725c018dd3ba40150/pyobjc_framework_coretext-11.1-cp313-cp313t-macosx_10_13_universal2.whl", hash = "sha256:56a3a02202e0d50be3c43e781c00f9f1859ab9b73a8342ff56260b908e911e37", size = 30768, upload-time = "2025-06-14T20:48:36.869Z" },
    { url = "https://files.pythonhosted.org/packages/64/4c/16e1504e06a5cb23eec6276835ddddb087637beba66cf84b5c587eba99be/pyobjc_framework_coretext-11.1-cp314-cp314-macosx_11_0_universal2.whl", hash = "sha256:15650ba99692d00953e91e53118c11636056a22c90d472020f7ba31500577bf5", size = 30155, upload-time = "2025-06-14T20:48:37.948Z" },
    { url = "https://files.pythonhosted.org/packages/ad/a4/cbfa9c874b2770fb1ba5c38c42b0e12a8b5aa177a5a86d0ad49b935aa626/pyobjc_framework_coretext-11.1-cp314-cp314t-macosx_11_0_universal2.whl", hash = "sha256:fb27f66a56660c31bb956191d64b85b95bac99cfb833f6e99622ca0ac4b3ba12", size = 30768, upload-time = "2025-06-14T20:48:38.734Z" },
]

[[package]]
name = "pyobjc-framework-quartz"
version = "11.1"
source = { registry = "https://pypi.org/simple" }
dependencies = [
    { name = "pyobjc-core" },
    { name = "pyobjc-framework-cocoa" },
]
sdist = { url = "https://files.pythonhosted.org/packages/c7/ac/6308fec6c9ffeda9942fef72724f4094c6df4933560f512e63eac37ebd30/pyobjc_framework_quartz-11.1.tar.gz", hash = "sha256:a57f35ccfc22ad48c87c5932818e583777ff7276605fef6afad0ac0741169f75", size = 3953275, upload-time = "2025-06-14T20:58:17.924Z" }
wheels = [
    { url = "https://files.pythonhosted.org/packages/9b/37/ee6e0bdd31b3b277fec00e5ee84d30eb1b5b8b0e025095e24ddc561697d0/pyobjc_framework_quartz-11.1-cp312-cp312-macosx_10_13_universal2.whl", hash = "sha256:9ac806067541917d6119b98d90390a6944e7d9bd737f5c0a79884202327c9204", size = 216410, upload-time = "2025-06-14T20:53:36.346Z" },
    { url = "https://files.pythonhosted.org/packages/bd/27/4f4fc0e6a0652318c2844608dd7c41e49ba6006ee5fb60c7ae417c338357/pyobjc_framework_quartz-11.1-cp313-cp313-macosx_10_13_universal2.whl", hash = "sha256:43a1138280571bbf44df27a7eef519184b5c4183a588598ebaaeb887b9e73e76", size = 216816, upload-time = "2025-06-14T20:53:37.358Z" },
    { url = "https://files.pythonhosted.org/packages/b8/8a/1d15e42496bef31246f7401aad1ebf0f9e11566ce0de41c18431715aafbc/pyobjc_framework_quartz-11.1-cp313-cp313t-macosx_10_13_universal2.whl", hash = "sha256:b23d81c30c564adf6336e00b357f355b35aad10075dd7e837cfd52a9912863e5", size = 221941, upload-time = "2025-06-14T20:53:38.34Z" },
    { url = "https://files.pythonhosted.org/packages/32/a8/a3f84d06e567efc12c104799c7fd015f9bea272a75f799eda8b79e8163c6/pyobjc_framework_quartz-11.1-cp314-cp314-macosx_11_0_universal2.whl", hash = "sha256:07cbda78b4a8fcf3a2d96e047a2ff01f44e3e1820f46f0f4b3b6d77ff6ece07c", size = 221312, upload-time = "2025-06-14T20:53:39.435Z" },
    { url = "https://files.pythonhosted.org/packages/76/ef/8c08d4f255bb3efe8806609d1f0b1ddd29684ab0f9ffb5e26d3ad7957b29/pyobjc_framework_quartz-11.1-cp314-cp314t-macosx_11_0_universal2.whl", hash = "sha256:39d02a3df4b5e3eee1e0da0fb150259476910d2a9aa638ab94153c24317a9561", size = 226353, upload-time = "2025-06-14T20:53:40.655Z" },
]

[[package]]
name = "python-xlib"
version = "0.33"
source = { registry = "https://pypi.org/simple" }
dependencies = [
    { name = "six" },
]
sdist = { url = "https://files.pythonhosted.org/packages/86/f5/8c0653e5bb54e0cbdfe27bf32d41f27bc4e12faa8742778c17f2a71be2c0/python-xlib-0.33.tar.gz", hash = "sha256:55af7906a2c75ce6cb280a584776080602444f75815a7aff4d287bb2d7018b32", size = 269068, upload-time = "2022-12-25T18:53:00.824Z" }
wheels = [
    { url = "https://files.pythonhosted.org/packages/fc/b8/ff33610932e0ee81ae7f1269c890f697d56ff74b9f5b2ee5d9b7fa2c5355/python_xlib-0.33-py2.py3-none-any.whl", hash = "sha256:c3534038d42e0df2f1392a1b30a15a4ff5fdc2b86cfa94f072bf11b10a164398", size = 182185, upload-time = "2022-12-25T18:52:58.662Z" },
]

[[package]]
name = "six"
version = "1.17.0"
source = { registry = "https://pypi.org/simple" }
sdist = { url = "https://files.pythonhosted.org/packages/94/e7/b2c673351809dca68a0e064b6af791aa332cf192da575fd474ed7d6f16a2/six-1.17.0.tar.gz", hash = "sha256:ff70335d468e7eb6ec65b95b99d3a2836546063f63acc5171de367e834932a81", size = 34031, upload-time = "2024-12-04T17:35:28.174Z" }
wheels = [
    { url = "https://files.pythonhosted.org/packages/b7/ce/149a00dd41f10bc29e5921b496af8b574d8413afcd5e30dfa0ed46c2cc5e/six-1.17.0-py2.py3-none-any.whl", hash = "sha256:4721f391ed90541fddacab5acf947aa0d3dc7d27b2e1e8eda2be8970586c3274", size = 11050, upload-time = "2024-12-04T17:35:26.475Z" },
]
